
Microsoft Visual Studio Solution File, Format Version 12.00
# Visual Studio Version 16
VisualStudioVersion = 16.0.32126.315
MinimumVisualStudioVersion = 10.0.40219.1
Project("{8BC9CEB8-8B4A-11D0-8D11-00A0C91BC942}") = "例2.1", "例2.1\例2.1.vcxproj", "{03D5E6BD-09E0-4B5D-B729-BBA881CCF08B}"
EndProject
Project("{8BC9CEB8-8B4A-11D0-8D11-00A0C91BC942}") = "例2.2", "例2.2\例2.2.vcxproj", "{F7F85BEF-3941-4BCB-A6AD-7968F8C5A5D5}"
EndProject
Project("{8BC9CEB8-8B4A-11D0-8D11-00A0C91BC942}") = "例2.3", "例2.3\例2.3.vcxproj", "{520B4B0B-BDEC-48D1-A042-1AAD614ADD61}"
EndProject
Project("{8BC9CEB8-8B4A-11D0-8D11-00A0C91BC942}") = "习2.1", "习2.1\习2.1.vcxproj", "{EF7FFB17-03CC-4D07-91BC-E576DD451CA7}"
EndProject
Project("{8BC9CEB8-8B4A-11D0-8D11-00A0C91BC942}") = "习2.2", "习2.2\习2.2.vcxproj", "{7AA6855E-B491-40AC-89A6-55401CE24771}"
EndProject
Project("{8BC9CEB8-8B4A-11D0-8D11-00A0C91BC942}") = "习2.3", "习2.3\习2.3.vcxproj", "{9AEC9837-2E1C-4A32-80BE-2A24A25E1C0C}"
EndProject
Project("{8BC9CEB8-8B4A-11D0-8D11-00A0C91BC942}") = "例2.4", "例2.4\例2.4.vcxproj", "{E6219BE2-4FC7-4D92-862B-EDF406DD4DFE}"
EndProject
Project("{8BC9CEB8-8B4A-11D0-8D11-00A0C91BC942}") = "例2.5", "例2.5\例2.5.vcxproj", "{FB03F95B-F7B4-46F5-B952-25628827E50C}"
EndProject
Project("{8BC9CEB8-8B4A-11D0-8D11-00A0C91BC942}") = "习2.5", "习2.5\习2.5.vcxproj", "{03E18C74-9876-4D8C-A292-E5FAF74A6D5B}"
EndProject
Project("{8BC9CEB8-8B4A-11D0-8D11-00A0C91BC942}") = "例2.6", "例2.6\例2.6.vcxproj", "{ADE1C34F-0771-4FF1-A1D6-D893672986A3}"
EndProject
Project("{8BC9CEB8-8B4A-11D0-8D11-00A0C91BC942}") = "例2.7", "例2.7\例2.7.vcxproj", "{B6597392-7243-4EA4-96F9-FDE33C4207D5}"
EndProject
Project("{8BC9CEB8-8B4A-11D0-8D11-00A0C91BC942}") = "例2.8", "例2.8\例2.8.vcxproj", "{83CC9E43-2F4B-4ED0-A97C-530789A57099}"
EndProject
Project("{8BC9CEB8-8B4A-11D0-8D11-00A0C91BC942}") = "习2.6", "习2.6\习2.6.vcxproj", "{01A996A9-51A7-4CAD-86A2-E86C5E229B2E}"
EndProject
Project("{8BC9CEB8-8B4A-11D0-8D11-00A0C91BC942}") = "例2.9", "例2.9\例2.9.vcxproj", "{B4EC13BB-25A6-4AFD-8E84-BA91B4104095}"
EndProject
Project("{8BC9CEB8-8B4A-11D0-8D11-00A0C91BC942}") = "例2.10", "例2.10\例2.10.vcxproj", "{4309FDBA-5255-458E-875A-F304D6081924}"
EndProject
Project("{8BC9CEB8-8B4A-11D0-8D11-00A0C91BC942}") = "例2.11", "例2.11\例2.11.vcxproj", "{0AC31668-D8F1-4FF1-8874-3B4EE63CE944}"
EndProject
Project("{8BC9CEB8-8B4A-11D0-8D11-00A0C91BC942}") = "习2.9", "习2.9\习2.9.vcxproj", "{7C5DD50A-F289-49A8-931D-4DF6C2F3DF30}"
EndProject
Project("{8BC9CEB8-8B4A-11D0-8D11-00A0C91BC942}") = "习2.10", "习2.10\习2.10.vcxproj", "{F3F527D3-CF68-4FC6-B9F6-CE769CF03755}"
EndProject
Project("{8BC9CEB8-8B4A-11D0-8D11-00A0C91BC942}") = "习2.11", "习2.11\习2.11.vcxproj", "{0B14B04C-1569-4B21-AAE5-D3677D81BAB5}"
EndProject
Global
	GlobalSection(SolutionConfigurationPlatforms) = preSolution
		Debug|x64 = Debug|x64
		Debug|x86 = Debug|x86
		Release|x64 = Release|x64
		Release|x86 = Release|x86
	EndGlobalSection
	GlobalSection(ProjectConfigurationPlatforms) = postSolution
		{03D5E6BD-09E0-4B5D-B729-BBA881CCF08B}.Debug|x64.ActiveCfg = Debug|x64
		{03D5E6BD-09E0-4B5D-B729-BBA881CCF08B}.Debug|x64.Build.0 = Debug|x64
		{03D5E6BD-09E0-4B5D-B729-BBA881CCF08B}.Debug|x86.ActiveCfg = Debug|Win32
		{03D5E6BD-09E0-4B5D-B729-BBA881CCF08B}.Debug|x86.Build.0 = Debug|Win32
		{03D5E6BD-09E0-4B5D-B729-BBA881CCF08B}.Release|x64.ActiveCfg = Release|x64
		{03D5E6BD-09E0-4B5D-B729-BBA881CCF08B}.Release|x64.Build.0 = Release|x64
		{03D5E6BD-09E0-4B5D-B729-BBA881CCF08B}.Release|x86.ActiveCfg = Release|Win32
		{03D5E6BD-09E0-4B5D-B729-BBA881CCF08B}.Release|x86.Build.0 = Release|Win32
		{F7F85BEF-3941-4BCB-A6AD-7968F8C5A5D5}.Debug|x64.ActiveCfg = Debug|x64
		{F7F85BEF-3941-4BCB-A6AD-7968F8C5A5D5}.Debug|x64.Build.0 = Debug|x64
		{F7F85BEF-3941-4BCB-A6AD-7968F8C5A5D5}.Debug|x86.ActiveCfg = Debug|Win32
		{F7F85BEF-3941-4BCB-A6AD-7968F8C5A5D5}.Debug|x86.Build.0 = Debug|Win32
		{F7F85BEF-3941-4BCB-A6AD-7968F8C5A5D5}.Release|x64.ActiveCfg = Release|x64
		{F7F85BEF-3941-4BCB-A6AD-7968F8C5A5D5}.Release|x64.Build.0 = Release|x64
		{F7F85BEF-3941-4BCB-A6AD-7968F8C5A5D5}.Release|x86.ActiveCfg = Release|Win32
		{F7F85BEF-3941-4BCB-A6AD-7968F8C5A5D5}.Release|x86.Build.0 = Release|Win32
		{520B4B0B-BDEC-48D1-A042-1AAD614ADD61}.Debug|x64.ActiveCfg = Debug|x64
		{520B4B0B-BDEC-48D1-A042-1AAD614ADD61}.Debug|x64.Build.0 = Debug|x64
		{520B4B0B-BDEC-48D1-A042-1AAD614ADD61}.Debug|x86.ActiveCfg = Debug|Win32
		{520B4B0B-BDEC-48D1-A042-1AAD614ADD61}.Debug|x86.Build.0 = Debug|Win32
		{520B4B0B-BDEC-48D1-A042-1AAD614ADD61}.Release|x64.ActiveCfg = Release|x64
		{520B4B0B-BDEC-48D1-A042-1AAD614ADD61}.Release|x64.Build.0 = Release|x64
		{520B4B0B-BDEC-48D1-A042-1AAD614ADD61}.Release|x86.ActiveCfg = Release|Win32
		{520B4B0B-BDEC-48D1-A042-1AAD614ADD61}.Release|x86.Build.0 = Release|Win32
		{EF7FFB17-03CC-4D07-91BC-E576DD451CA7}.Debug|x64.ActiveCfg = Debug|x64
		{EF7FFB17-03CC-4D07-91BC-E576DD451CA7}.Debug|x64.Build.0 = Debug|x64
		{EF7FFB17-03CC-4D07-91BC-E576DD451CA7}.Debug|x86.ActiveCfg = Debug|Win32
		{EF7FFB17-03CC-4D07-91BC-E576DD451CA7}.Debug|x86.Build.0 = Debug|Win32
		{EF7FFB17-03CC-4D07-91BC-E576DD451CA7}.Release|x64.ActiveCfg = Release|x64
		{EF7FFB17-03CC-4D07-91BC-E576DD451CA7}.Release|x64.Build.0 = Release|x64
		{EF7FFB17-03CC-4D07-91BC-E576DD451CA7}.Release|x86.ActiveCfg = Release|Win32
		{EF7FFB17-03CC-4D07-91BC-E576DD451CA7}.Release|x86.Build.0 = Release|Win32
		{7AA6855E-B491-40AC-89A6-55401CE24771}.Debug|x64.ActiveCfg = Debug|x64
		{7AA6855E-B491-40AC-89A6-55401CE24771}.Debug|x64.Build.0 = Debug|x64
		{7AA6855E-B491-40AC-89A6-55401CE24771}.Debug|x86.ActiveCfg = Debug|Win32
		{7AA6855E-B491-40AC-89A6-55401CE24771}.Debug|x86.Build.0 = Debug|Win32
		{7AA6855E-B491-40AC-89A6-55401CE24771}.Release|x64.ActiveCfg = Release|x64
		{7AA6855E-B491-40AC-89A6-55401CE24771}.Release|x64.Build.0 = Release|x64
		{7AA6855E-B491-40AC-89A6-55401CE24771}.Release|x86.ActiveCfg = Release|Win32
		{7AA6855E-B491-40AC-89A6-55401CE24771}.Release|x86.Build.0 = Release|Win32
		{9AEC9837-2E1C-4A32-80BE-2A24A25E1C0C}.Debug|x64.ActiveCfg = Debug|x64
		{9AEC9837-2E1C-4A32-80BE-2A24A25E1C0C}.Debug|x64.Build.0 = Debug|x64
		{9AEC9837-2E1C-4A32-80BE-2A24A25E1C0C}.Debug|x86.ActiveCfg = Debug|Win32
		{9AEC9837-2E1C-4A32-80BE-2A24A25E1C0C}.Debug|x86.Build.0 = Debug|Win32
		{9AEC9837-2E1C-4A32-80BE-2A24A25E1C0C}.Release|x64.ActiveCfg = Release|x64
		{9AEC9837-2E1C-4A32-80BE-2A24A25E1C0C}.Release|x64.Build.0 = Release|x64
		{9AEC9837-2E1C-4A32-80BE-2A24A25E1C0C}.Release|x86.ActiveCfg = Release|Win32
		{9AEC9837-2E1C-4A32-80BE-2A24A25E1C0C}.Release|x86.Build.0 = Release|Win32
		{E6219BE2-4FC7-4D92-862B-EDF406DD4DFE}.Debug|x64.ActiveCfg = Debug|x64
		{E6219BE2-4FC7-4D92-862B-EDF406DD4DFE}.Debug|x64.Build.0 = Debug|x64
		{E6219BE2-4FC7-4D92-862B-EDF406DD4DFE}.Debug|x86.ActiveCfg = Debug|Win32
		{E6219BE2-4FC7-4D92-862B-EDF406DD4DFE}.Debug|x86.Build.0 = Debug|Win32
		{E6219BE2-4FC7-4D92-862B-EDF406DD4DFE}.Release|x64.ActiveCfg = Release|x64
		{E6219BE2-4FC7-4D92-862B-EDF406DD4DFE}.Release|x64.Build.0 = Release|x64
		{E6219BE2-4FC7-4D92-862B-EDF406DD4DFE}.Release|x86.ActiveCfg = Release|Win32
		{E6219BE2-4FC7-4D92-862B-EDF406DD4DFE}.Release|x86.Build.0 = Release|Win32
		{FB03F95B-F7B4-46F5-B952-25628827E50C}.Debug|x64.ActiveCfg = Debug|x64
		{FB03F95B-F7B4-46F5-B952-25628827E50C}.Debug|x64.Build.0 = Debug|x64
		{FB03F95B-F7B4-46F5-B952-25628827E50C}.Debug|x86.ActiveCfg = Debug|Win32
		{FB03F95B-F7B4-46F5-B952-25628827E50C}.Debug|x86.Build.0 = Debug|Win32
		{FB03F95B-F7B4-46F5-B952-25628827E50C}.Release|x64.ActiveCfg = Release|x64
		{FB03F95B-F7B4-46F5-B952-25628827E50C}.Release|x64.Build.0 = Release|x64
		{FB03F95B-F7B4-46F5-B952-25628827E50C}.Release|x86.ActiveCfg = Release|Win32
		{FB03F95B-F7B4-46F5-B952-25628827E50C}.Release|x86.Build.0 = Release|Win32
		{03E18C74-9876-4D8C-A292-E5FAF74A6D5B}.Debug|x64.ActiveCfg = Debug|x64
		{03E18C74-9876-4D8C-A292-E5FAF74A6D5B}.Debug|x64.Build.0 = Debug|x64
		{03E18C74-9876-4D8C-A292-E5FAF74A6D5B}.Debug|x86.ActiveCfg = Debug|Win32
		{03E18C74-9876-4D8C-A292-E5FAF74A6D5B}.Debug|x86.Build.0 = Debug|Win32
		{03E18C74-9876-4D8C-A292-E5FAF74A6D5B}.Release|x64.ActiveCfg = Release|x64
		{03E18C74-9876-4D8C-A292-E5FAF74A6D5B}.Release|x64.Build.0 = Release|x64
		{03E18C74-9876-4D8C-A292-E5FAF74A6D5B}.Release|x86.ActiveCfg = Release|Win32
		{03E18C74-9876-4D8C-A292-E5FAF74A6D5B}.Release|x86.Build.0 = Release|Win32
		{ADE1C34F-0771-4FF1-A1D6-D893672986A3}.Debug|x64.ActiveCfg = Debug|x64
		{ADE1C34F-0771-4FF1-A1D6-D893672986A3}.Debug|x64.Build.0 = Debug|x64
		{ADE1C34F-0771-4FF1-A1D6-D893672986A3}.Debug|x86.ActiveCfg = Debug|Win32
		{ADE1C34F-0771-4FF1-A1D6-D893672986A3}.Debug|x86.Build.0 = Debug|Win32
		{ADE1C34F-0771-4FF1-A1D6-D893672986A3}.Release|x64.ActiveCfg = Release|x64
		{ADE1C34F-0771-4FF1-A1D6-D893672986A3}.Release|x64.Build.0 = Release|x64
		{ADE1C34F-0771-4FF1-A1D6-D893672986A3}.Release|x86.ActiveCfg = Release|Win32
		{ADE1C34F-0771-4FF1-A1D6-D893672986A3}.Release|x86.Build.0 = Release|Win32
		{B6597392-7243-4EA4-96F9-FDE33C4207D5}.Debug|x64.ActiveCfg = Debug|x64
		{B6597392-7243-4EA4-96F9-FDE33C4207D5}.Debug|x64.Build.0 = Debug|x64
		{B6597392-7243-4EA4-96F9-FDE33C4207D5}.Debug|x86.ActiveCfg = Debug|Win32
		{B6597392-7243-4EA4-96F9-FDE33C4207D5}.Debug|x86.Build.0 = Debug|Win32
		{B6597392-7243-4EA4-96F9-FDE33C4207D5}.Release|x64.ActiveCfg = Release|x64
		{B6597392-7243-4EA4-96F9-FDE33C4207D5}.Release|x64.Build.0 = Release|x64
		{B6597392-7243-4EA4-96F9-FDE33C4207D5}.Release|x86.ActiveCfg = Release|Win32
		{B6597392-7243-4EA4-96F9-FDE33C4207D5}.Release|x86.Build.0 = Release|Win32
		{83CC9E43-2F4B-4ED0-A97C-530789A57099}.Debug|x64.ActiveCfg = Debug|x64
		{83CC9E43-2F4B-4ED0-A97C-530789A57099}.Debug|x64.Build.0 = Debug|x64
		{83CC9E43-2F4B-4ED0-A97C-530789A57099}.Debug|x86.ActiveCfg = Debug|Win32
		{83CC9E43-2F4B-4ED0-A97C-530789A57099}.Debug|x86.Build.0 = Debug|Win32
		{83CC9E43-2F4B-4ED0-A97C-530789A57099}.Release|x64.ActiveCfg = Release|x64
		{83CC9E43-2F4B-4ED0-A97C-530789A57099}.Release|x64.Build.0 = Release|x64
		{83CC9E43-2F4B-4ED0-A97C-530789A57099}.Release|x86.ActiveCfg = Release|Win32
		{83CC9E43-2F4B-4ED0-A97C-530789A57099}.Release|x86.Build.0 = Release|Win32
		{01A996A9-51A7-4CAD-86A2-E86C5E229B2E}.Debug|x64.ActiveCfg = Debug|x64
		{01A996A9-51A7-4CAD-86A2-E86C5E229B2E}.Debug|x64.Build.0 = Debug|x64
		{01A996A9-51A7-4CAD-86A2-E86C5E229B2E}.Debug|x86.ActiveCfg = Debug|Win32
		{01A996A9-51A7-4CAD-86A2-E86C5E229B2E}.Debug|x86.Build.0 = Debug|Win32
		{01A996A9-51A7-4CAD-86A2-E86C5E229B2E}.Release|x64.ActiveCfg = Release|x64
		{01A996A9-51A7-4CAD-86A2-E86C5E229B2E}.Release|x64.Build.0 = Release|x64
		{01A996A9-51A7-4CAD-86A2-E86C5E229B2E}.Release|x86.ActiveCfg = Release|Win32
		{01A996A9-51A7-4CAD-86A2-E86C5E229B2E}.Release|x86.Build.0 = Release|Win32
		{B4EC13BB-25A6-4AFD-8E84-BA91B4104095}.Debug|x64.ActiveCfg = Debug|x64
		{B4EC13BB-25A6-4AFD-8E84-BA91B4104095}.Debug|x64.Build.0 = Debug|x64
		{B4EC13BB-25A6-4AFD-8E84-BA91B4104095}.Debug|x86.ActiveCfg = Debug|Win32
		{B4EC13BB-25A6-4AFD-8E84-BA91B4104095}.Debug|x86.Build.0 = Debug|Win32
		{B4EC13BB-25A6-4AFD-8E84-BA91B4104095}.Release|x64.ActiveCfg = Release|x64
		{B4EC13BB-25A6-4AFD-8E84-BA91B4104095}.Release|x64.Build.0 = Release|x64
		{B4EC13BB-25A6-4AFD-8E84-BA91B4104095}.Release|x86.ActiveCfg = Release|Win32
		{B4EC13BB-25A6-4AFD-8E84-BA91B4104095}.Release|x86.Build.0 = Release|Win32
		{4309FDBA-5255-458E-875A-F304D6081924}.Debug|x64.ActiveCfg = Debug|x64
		{4309FDBA-5255-458E-875A-F304D6081924}.Debug|x64.Build.0 = Debug|x64
		{4309FDBA-5255-458E-875A-F304D6081924}.Debug|x86.ActiveCfg = Debug|Win32
		{4309FDBA-5255-458E-875A-F304D6081924}.Debug|x86.Build.0 = Debug|Win32
		{4309FDBA-5255-458E-875A-F304D6081924}.Release|x64.ActiveCfg = Release|x64
		{4309FDBA-5255-458E-875A-F304D6081924}.Release|x64.Build.0 = Release|x64
		{4309FDBA-5255-458E-875A-F304D6081924}.Release|x86.ActiveCfg = Release|Win32
		{4309FDBA-5255-458E-875A-F304D6081924}.Release|x86.Build.0 = Release|Win32
		{0AC31668-D8F1-4FF1-8874-3B4EE63CE944}.Debug|x64.ActiveCfg = Debug|x64
		{0AC31668-D8F1-4FF1-8874-3B4EE63CE944}.Debug|x64.Build.0 = Debug|x64
		{0AC31668-D8F1-4FF1-8874-3B4EE63CE944}.Debug|x86.ActiveCfg = Debug|Win32
		{0AC31668-D8F1-4FF1-8874-3B4EE63CE944}.Debug|x86.Build.0 = Debug|Win32
		{0AC31668-D8F1-4FF1-8874-3B4EE63CE944}.Release|x64.ActiveCfg = Release|x64
		{0AC31668-D8F1-4FF1-8874-3B4EE63CE944}.Release|x64.Build.0 = Release|x64
		{0AC31668-D8F1-4FF1-8874-3B4EE63CE944}.Release|x86.ActiveCfg = Release|Win32
		{0AC31668-D8F1-4FF1-8874-3B4EE63CE944}.Release|x86.Build.0 = Release|Win32
		{7C5DD50A-F289-49A8-931D-4DF6C2F3DF30}.Debug|x64.ActiveCfg = Debug|x64
		{7C5DD50A-F289-49A8-931D-4DF6C2F3DF30}.Debug|x64.Build.0 = Debug|x64
		{7C5DD50A-F289-49A8-931D-4DF6C2F3DF30}.Debug|x86.ActiveCfg = Debug|Win32
		{7C5DD50A-F289-49A8-931D-4DF6C2F3DF30}.Debug|x86.Build.0 = Debug|Win32
		{7C5DD50A-F289-49A8-931D-4DF6C2F3DF30}.Release|x64.ActiveCfg = Release|x64
		{7C5DD50A-F289-49A8-931D-4DF6C2F3DF30}.Release|x64.Build.0 = Release|x64
		{7C5DD50A-F289-49A8-931D-4DF6C2F3DF30}.Release|x86.ActiveCfg = Release|Win32
		{7C5DD50A-F289-49A8-931D-4DF6C2F3DF30}.Release|x86.Build.0 = Release|Win32
		{F3F527D3-CF68-4FC6-B9F6-CE769CF03755}.Debug|x64.ActiveCfg = Debug|x64
		{F3F527D3-CF68-4FC6-B9F6-CE769CF03755}.Debug|x64.Build.0 = Debug|x64
		{F3F527D3-CF68-4FC6-B9F6-CE769CF03755}.Debug|x86.ActiveCfg = Debug|Win32
		{F3F527D3-CF68-4FC6-B9F6-CE769CF03755}.Debug|x86.Build.0 = Debug|Win32
		{F3F527D3-CF68-4FC6-B9F6-CE769CF03755}.Release|x64.ActiveCfg = Release|x64
		{F3F527D3-CF68-4FC6-B9F6-CE769CF03755}.Release|x64.Build.0 = Release|x64
		{F3F527D3-CF68-4FC6-B9F6-CE769CF03755}.Release|x86.ActiveCfg = Release|Win32
		{F3F527D3-CF68-4FC6-B9F6-CE769CF03755}.Release|x86.Build.0 = Release|Win32
		{0B14B04C-1569-4B21-AAE5-D3677D81BAB5}.Debug|x64.ActiveCfg = Debug|x64
		{0B14B04C-1569-4B21-AAE5-D3677D81BAB5}.Debug|x64.Build.0 = Debug|x64
		{0B14B04C-1569-4B21-AAE5-D3677D81BAB5}.Debug|x86.ActiveCfg = Debug|Win32
		{0B14B04C-1569-4B21-AAE5-D3677D81BAB5}.Debug|x86.Build.0 = Debug|Win32
		{0B14B04C-1569-4B21-AAE5-D3677D81BAB5}.Release|x64.ActiveCfg = Release|x64
		{0B14B04C-1569-4B21-AAE5-D3677D81BAB5}.Release|x64.Build.0 = Release|x64
		{0B14B04C-1569-4B21-AAE5-D3677D81BAB5}.Release|x86.ActiveCfg = Release|Win32
		{0B14B04C-1569-4B21-AAE5-D3677D81BAB5}.Release|x86.Build.0 = Release|Win32
	EndGlobalSection
	GlobalSection(SolutionProperties) = preSolution
		HideSolutionNode = FALSE
	EndGlobalSection
	GlobalSection(ExtensibilityGlobals) = postSolution
		SolutionGuid = {6E3BFDFD-B53F-4BA9-B767-81D42E1099E5}
	EndGlobalSection
EndGlobal
