
Microsoft Visual Studio Solution File, Format Version 12.00
# Visual Studio Version 16
VisualStudioVersion = 16.0.32126.315
MinimumVisualStudioVersion = 10.0.40219.1
Project("{8BC9CEB8-8B4A-11D0-8D11-00A0C91BC942}") = "例6.1", "例6.1\例6.1.vcxproj", "{1CF8E74B-23FD-4351-808A-FE2533F9DEBB}"
EndProject
Project("{8BC9CEB8-8B4A-11D0-8D11-00A0C91BC942}") = "例6.2", "例6.2\例6.2.vcxproj", "{AB22FF03-FFD0-4472-AD76-A4226C347994}"
EndProject
Project("{8BC9CEB8-8B4A-11D0-8D11-00A0C91BC942}") = "例6.3", "例6.3\例6.3.vcxproj", "{A956FC08-1169-4AFC-B3A0-6EC742619405}"
EndProject
Project("{8BC9CEB8-8B4A-11D0-8D11-00A0C91BC942}") = "例6.4", "例6.4\例6.4.vcxproj", "{3F6C36CC-C307-4CB9-AB39-A772E8EF57B1}"
EndProject
Project("{8BC9CEB8-8B4A-11D0-8D11-00A0C91BC942}") = "习6.1", "习6.1\习6.1.vcxproj", "{899B9F92-8C22-49BE-94E7-8B2C01EEF6E8}"
EndProject
Project("{8BC9CEB8-8B4A-11D0-8D11-00A0C91BC942}") = "习6.2", "习6.2\习6.2.vcxproj", "{5E1D1870-52AD-444C-B578-7B61239B1C63}"
EndProject
Project("{8BC9CEB8-8B4A-11D0-8D11-00A0C91BC942}") = "习6.3", "习6.3\习6.3.vcxproj", "{B9A5EE63-29B1-4040-9FD7-7F9D0881F3ED}"
EndProject
Project("{8BC9CEB8-8B4A-11D0-8D11-00A0C91BC942}") = "习6.4", "习6.4\习6.4.vcxproj", "{B0B9394A-D7CD-4615-A57F-6F76AC34325C}"
EndProject
Project("{8BC9CEB8-8B4A-11D0-8D11-00A0C91BC942}") = "例6.5", "例6.5\例6.5.vcxproj", "{485CFCBF-7649-4B46-A5E1-BEEA5814B63B}"
EndProject
Project("{8BC9CEB8-8B4A-11D0-8D11-00A0C91BC942}") = "例6.6", "例6.6\例6.6.vcxproj", "{740FF365-E765-4F13-A702-12A4252BC455}"
EndProject
Project("{8BC9CEB8-8B4A-11D0-8D11-00A0C91BC942}") = "习6.5", "习6.5\习6.5.vcxproj", "{CACAABC9-0E9D-45C5-B8E1-0D0378496D0D}"
EndProject
Project("{8BC9CEB8-8B4A-11D0-8D11-00A0C91BC942}") = "例6.7", "例6.7\例6.7.vcxproj", "{732804E8-F6FD-4797-A712-BB8BEA8A06FE}"
EndProject
Project("{8BC9CEB8-8B4A-11D0-8D11-00A0C91BC942}") = "例6.8", "例6.8\例6.8.vcxproj", "{DCBB5FB3-E981-43DB-8C80-E672FC4C4DAA}"
EndProject
Project("{8BC9CEB8-8B4A-11D0-8D11-00A0C91BC942}") = "习6.6", "习6.6\习6.6.vcxproj", "{CDB90A2E-4B6F-4955-8B9E-7D1A82D269D5}"
EndProject
Project("{8BC9CEB8-8B4A-11D0-8D11-00A0C91BC942}") = "例6.9", "例6.9\例6.9.vcxproj", "{CA651354-32B1-47D5-AC5C-CADD2BF8D313}"
EndProject
Project("{8BC9CEB8-8B4A-11D0-8D11-00A0C91BC942}") = "习6.7", "习6.7\习6.7.vcxproj", "{666D578E-6980-40D6-815E-C79D375A8691}"
EndProject
Project("{8BC9CEB8-8B4A-11D0-8D11-00A0C91BC942}") = "习6.8", "习6.8\习6.8.vcxproj", "{4C9179F9-1652-4304-9BDF-1491B5D580BD}"
EndProject
Project("{8BC9CEB8-8B4A-11D0-8D11-00A0C91BC942}") = "例6.10", "例6.10\例6.10.vcxproj", "{5D80D405-E46D-48C6-80D1-374320E8375B}"
EndProject
Project("{8BC9CEB8-8B4A-11D0-8D11-00A0C91BC942}") = "习6.9", "习6.9\习6.9.vcxproj", "{BF9ED218-CCE8-4E5F-96BA-20FA8D0EF681}"
EndProject
Project("{8BC9CEB8-8B4A-11D0-8D11-00A0C91BC942}") = "例6.11", "例6.11\例6.11.vcxproj", "{ED8DFF54-7421-4AC2-BE6F-C4CB2048EC92}"
EndProject
Project("{8BC9CEB8-8B4A-11D0-8D11-00A0C91BC942}") = "例6.12", "例6.12\例6.12.vcxproj", "{B8B46C8B-1730-449F-8520-49C8DC31B668}"
EndProject
Project("{8BC9CEB8-8B4A-11D0-8D11-00A0C91BC942}") = "习6.10", "习6.10\习6.10.vcxproj", "{D36FD578-C115-41F3-B659-AF72FC906A71}"
EndProject
Project("{8BC9CEB8-8B4A-11D0-8D11-00A0C91BC942}") = "习6.11", "习6.11\习6.11.vcxproj", "{959E5785-4AA1-4534-9BB6-8B3B6DAE9443}"
EndProject
Global
	GlobalSection(SolutionConfigurationPlatforms) = preSolution
		Debug|x64 = Debug|x64
		Debug|x86 = Debug|x86
		Release|x64 = Release|x64
		Release|x86 = Release|x86
	EndGlobalSection
	GlobalSection(ProjectConfigurationPlatforms) = postSolution
		{1CF8E74B-23FD-4351-808A-FE2533F9DEBB}.Debug|x64.ActiveCfg = Debug|x64
		{1CF8E74B-23FD-4351-808A-FE2533F9DEBB}.Debug|x64.Build.0 = Debug|x64
		{1CF8E74B-23FD-4351-808A-FE2533F9DEBB}.Debug|x86.ActiveCfg = Debug|Win32
		{1CF8E74B-23FD-4351-808A-FE2533F9DEBB}.Debug|x86.Build.0 = Debug|Win32
		{1CF8E74B-23FD-4351-808A-FE2533F9DEBB}.Release|x64.ActiveCfg = Release|x64
		{1CF8E74B-23FD-4351-808A-FE2533F9DEBB}.Release|x64.Build.0 = Release|x64
		{1CF8E74B-23FD-4351-808A-FE2533F9DEBB}.Release|x86.ActiveCfg = Release|Win32
		{1CF8E74B-23FD-4351-808A-FE2533F9DEBB}.Release|x86.Build.0 = Release|Win32
		{AB22FF03-FFD0-4472-AD76-A4226C347994}.Debug|x64.ActiveCfg = Debug|x64
		{AB22FF03-FFD0-4472-AD76-A4226C347994}.Debug|x64.Build.0 = Debug|x64
		{AB22FF03-FFD0-4472-AD76-A4226C347994}.Debug|x86.ActiveCfg = Debug|Win32
		{AB22FF03-FFD0-4472-AD76-A4226C347994}.Debug|x86.Build.0 = Debug|Win32
		{AB22FF03-FFD0-4472-AD76-A4226C347994}.Release|x64.ActiveCfg = Release|x64
		{AB22FF03-FFD0-4472-AD76-A4226C347994}.Release|x64.Build.0 = Release|x64
		{AB22FF03-FFD0-4472-AD76-A4226C347994}.Release|x86.ActiveCfg = Release|Win32
		{AB22FF03-FFD0-4472-AD76-A4226C347994}.Release|x86.Build.0 = Release|Win32
		{A956FC08-1169-4AFC-B3A0-6EC742619405}.Debug|x64.ActiveCfg = Debug|x64
		{A956FC08-1169-4AFC-B3A0-6EC742619405}.Debug|x64.Build.0 = Debug|x64
		{A956FC08-1169-4AFC-B3A0-6EC742619405}.Debug|x86.ActiveCfg = Debug|Win32
		{A956FC08-1169-4AFC-B3A0-6EC742619405}.Debug|x86.Build.0 = Debug|Win32
		{A956FC08-1169-4AFC-B3A0-6EC742619405}.Release|x64.ActiveCfg = Release|x64
		{A956FC08-1169-4AFC-B3A0-6EC742619405}.Release|x64.Build.0 = Release|x64
		{A956FC08-1169-4AFC-B3A0-6EC742619405}.Release|x86.ActiveCfg = Release|Win32
		{A956FC08-1169-4AFC-B3A0-6EC742619405}.Release|x86.Build.0 = Release|Win32
		{3F6C36CC-C307-4CB9-AB39-A772E8EF57B1}.Debug|x64.ActiveCfg = Debug|x64
		{3F6C36CC-C307-4CB9-AB39-A772E8EF57B1}.Debug|x64.Build.0 = Debug|x64
		{3F6C36CC-C307-4CB9-AB39-A772E8EF57B1}.Debug|x86.ActiveCfg = Debug|Win32
		{3F6C36CC-C307-4CB9-AB39-A772E8EF57B1}.Debug|x86.Build.0 = Debug|Win32
		{3F6C36CC-C307-4CB9-AB39-A772E8EF57B1}.Release|x64.ActiveCfg = Release|x64
		{3F6C36CC-C307-4CB9-AB39-A772E8EF57B1}.Release|x64.Build.0 = Release|x64
		{3F6C36CC-C307-4CB9-AB39-A772E8EF57B1}.Release|x86.ActiveCfg = Release|Win32
		{3F6C36CC-C307-4CB9-AB39-A772E8EF57B1}.Release|x86.Build.0 = Release|Win32
		{899B9F92-8C22-49BE-94E7-8B2C01EEF6E8}.Debug|x64.ActiveCfg = Debug|x64
		{899B9F92-8C22-49BE-94E7-8B2C01EEF6E8}.Debug|x64.Build.0 = Debug|x64
		{899B9F92-8C22-49BE-94E7-8B2C01EEF6E8}.Debug|x86.ActiveCfg = Debug|Win32
		{899B9F92-8C22-49BE-94E7-8B2C01EEF6E8}.Debug|x86.Build.0 = Debug|Win32
		{899B9F92-8C22-49BE-94E7-8B2C01EEF6E8}.Release|x64.ActiveCfg = Release|x64
		{899B9F92-8C22-49BE-94E7-8B2C01EEF6E8}.Release|x64.Build.0 = Release|x64
		{899B9F92-8C22-49BE-94E7-8B2C01EEF6E8}.Release|x86.ActiveCfg = Release|Win32
		{899B9F92-8C22-49BE-94E7-8B2C01EEF6E8}.Release|x86.Build.0 = Release|Win32
		{5E1D1870-52AD-444C-B578-7B61239B1C63}.Debug|x64.ActiveCfg = Debug|x64
		{5E1D1870-52AD-444C-B578-7B61239B1C63}.Debug|x64.Build.0 = Debug|x64
		{5E1D1870-52AD-444C-B578-7B61239B1C63}.Debug|x86.ActiveCfg = Debug|Win32
		{5E1D1870-52AD-444C-B578-7B61239B1C63}.Debug|x86.Build.0 = Debug|Win32
		{5E1D1870-52AD-444C-B578-7B61239B1C63}.Release|x64.ActiveCfg = Release|x64
		{5E1D1870-52AD-444C-B578-7B61239B1C63}.Release|x64.Build.0 = Release|x64
		{5E1D1870-52AD-444C-B578-7B61239B1C63}.Release|x86.ActiveCfg = Release|Win32
		{5E1D1870-52AD-444C-B578-7B61239B1C63}.Release|x86.Build.0 = Release|Win32
		{B9A5EE63-29B1-4040-9FD7-7F9D0881F3ED}.Debug|x64.ActiveCfg = Debug|x64
		{B9A5EE63-29B1-4040-9FD7-7F9D0881F3ED}.Debug|x64.Build.0 = Debug|x64
		{B9A5EE63-29B1-4040-9FD7-7F9D0881F3ED}.Debug|x86.ActiveCfg = Debug|Win32
		{B9A5EE63-29B1-4040-9FD7-7F9D0881F3ED}.Debug|x86.Build.0 = Debug|Win32
		{B9A5EE63-29B1-4040-9FD7-7F9D0881F3ED}.Release|x64.ActiveCfg = Release|x64
		{B9A5EE63-29B1-4040-9FD7-7F9D0881F3ED}.Release|x64.Build.0 = Release|x64
		{B9A5EE63-29B1-4040-9FD7-7F9D0881F3ED}.Release|x86.ActiveCfg = Release|Win32
		{B9A5EE63-29B1-4040-9FD7-7F9D0881F3ED}.Release|x86.Build.0 = Release|Win32
		{B0B9394A-D7CD-4615-A57F-6F76AC34325C}.Debug|x64.ActiveCfg = Debug|x64
		{B0B9394A-D7CD-4615-A57F-6F76AC34325C}.Debug|x64.Build.0 = Debug|x64
		{B0B9394A-D7CD-4615-A57F-6F76AC34325C}.Debug|x86.ActiveCfg = Debug|Win32
		{B0B9394A-D7CD-4615-A57F-6F76AC34325C}.Debug|x86.Build.0 = Debug|Win32
		{B0B9394A-D7CD-4615-A57F-6F76AC34325C}.Release|x64.ActiveCfg = Release|x64
		{B0B9394A-D7CD-4615-A57F-6F76AC34325C}.Release|x64.Build.0 = Release|x64
		{B0B9394A-D7CD-4615-A57F-6F76AC34325C}.Release|x86.ActiveCfg = Release|Win32
		{B0B9394A-D7CD-4615-A57F-6F76AC34325C}.Release|x86.Build.0 = Release|Win32
		{485CFCBF-7649-4B46-A5E1-BEEA5814B63B}.Debug|x64.ActiveCfg = Debug|x64
		{485CFCBF-7649-4B46-A5E1-BEEA5814B63B}.Debug|x64.Build.0 = Debug|x64
		{485CFCBF-7649-4B46-A5E1-BEEA5814B63B}.Debug|x86.ActiveCfg = Debug|Win32
		{485CFCBF-7649-4B46-A5E1-BEEA5814B63B}.Debug|x86.Build.0 = Debug|Win32
		{485CFCBF-7649-4B46-A5E1-BEEA5814B63B}.Release|x64.ActiveCfg = Release|x64
		{485CFCBF-7649-4B46-A5E1-BEEA5814B63B}.Release|x64.Build.0 = Release|x64
		{485CFCBF-7649-4B46-A5E1-BEEA5814B63B}.Release|x86.ActiveCfg = Release|Win32
		{485CFCBF-7649-4B46-A5E1-BEEA5814B63B}.Release|x86.Build.0 = Release|Win32
		{740FF365-E765-4F13-A702-12A4252BC455}.Debug|x64.ActiveCfg = Debug|x64
		{740FF365-E765-4F13-A702-12A4252BC455}.Debug|x64.Build.0 = Debug|x64
		{740FF365-E765-4F13-A702-12A4252BC455}.Debug|x86.ActiveCfg = Debug|Win32
		{740FF365-E765-4F13-A702-12A4252BC455}.Debug|x86.Build.0 = Debug|Win32
		{740FF365-E765-4F13-A702-12A4252BC455}.Release|x64.ActiveCfg = Release|x64
		{740FF365-E765-4F13-A702-12A4252BC455}.Release|x64.Build.0 = Release|x64
		{740FF365-E765-4F13-A702-12A4252BC455}.Release|x86.ActiveCfg = Release|Win32
		{740FF365-E765-4F13-A702-12A4252BC455}.Release|x86.Build.0 = Release|Win32
		{CACAABC9-0E9D-45C5-B8E1-0D0378496D0D}.Debug|x64.ActiveCfg = Debug|x64
		{CACAABC9-0E9D-45C5-B8E1-0D0378496D0D}.Debug|x64.Build.0 = Debug|x64
		{CACAABC9-0E9D-45C5-B8E1-0D0378496D0D}.Debug|x86.ActiveCfg = Debug|Win32
		{CACAABC9-0E9D-45C5-B8E1-0D0378496D0D}.Debug|x86.Build.0 = Debug|Win32
		{CACAABC9-0E9D-45C5-B8E1-0D0378496D0D}.Release|x64.ActiveCfg = Release|x64
		{CACAABC9-0E9D-45C5-B8E1-0D0378496D0D}.Release|x64.Build.0 = Release|x64
		{CACAABC9-0E9D-45C5-B8E1-0D0378496D0D}.Release|x86.ActiveCfg = Release|Win32
		{CACAABC9-0E9D-45C5-B8E1-0D0378496D0D}.Release|x86.Build.0 = Release|Win32
		{732804E8-F6FD-4797-A712-BB8BEA8A06FE}.Debug|x64.ActiveCfg = Debug|x64
		{732804E8-F6FD-4797-A712-BB8BEA8A06FE}.Debug|x64.Build.0 = Debug|x64
		{732804E8-F6FD-4797-A712-BB8BEA8A06FE}.Debug|x86.ActiveCfg = Debug|Win32
		{732804E8-F6FD-4797-A712-BB8BEA8A06FE}.Debug|x86.Build.0 = Debug|Win32
		{732804E8-F6FD-4797-A712-BB8BEA8A06FE}.Release|x64.ActiveCfg = Release|x64
		{732804E8-F6FD-4797-A712-BB8BEA8A06FE}.Release|x64.Build.0 = Release|x64
		{732804E8-F6FD-4797-A712-BB8BEA8A06FE}.Release|x86.ActiveCfg = Release|Win32
		{732804E8-F6FD-4797-A712-BB8BEA8A06FE}.Release|x86.Build.0 = Release|Win32
		{DCBB5FB3-E981-43DB-8C80-E672FC4C4DAA}.Debug|x64.ActiveCfg = Debug|x64
		{DCBB5FB3-E981-43DB-8C80-E672FC4C4DAA}.Debug|x64.Build.0 = Debug|x64
		{DCBB5FB3-E981-43DB-8C80-E672FC4C4DAA}.Debug|x86.ActiveCfg = Debug|Win32
		{DCBB5FB3-E981-43DB-8C80-E672FC4C4DAA}.Debug|x86.Build.0 = Debug|Win32
		{DCBB5FB3-E981-43DB-8C80-E672FC4C4DAA}.Release|x64.ActiveCfg = Release|x64
		{DCBB5FB3-E981-43DB-8C80-E672FC4C4DAA}.Release|x64.Build.0 = Release|x64
		{DCBB5FB3-E981-43DB-8C80-E672FC4C4DAA}.Release|x86.ActiveCfg = Release|Win32
		{DCBB5FB3-E981-43DB-8C80-E672FC4C4DAA}.Release|x86.Build.0 = Release|Win32
		{CDB90A2E-4B6F-4955-8B9E-7D1A82D269D5}.Debug|x64.ActiveCfg = Debug|x64
		{CDB90A2E-4B6F-4955-8B9E-7D1A82D269D5}.Debug|x64.Build.0 = Debug|x64
		{CDB90A2E-4B6F-4955-8B9E-7D1A82D269D5}.Debug|x86.ActiveCfg = Debug|Win32
		{CDB90A2E-4B6F-4955-8B9E-7D1A82D269D5}.Debug|x86.Build.0 = Debug|Win32
		{CDB90A2E-4B6F-4955-8B9E-7D1A82D269D5}.Release|x64.ActiveCfg = Release|x64
		{CDB90A2E-4B6F-4955-8B9E-7D1A82D269D5}.Release|x64.Build.0 = Release|x64
		{CDB90A2E-4B6F-4955-8B9E-7D1A82D269D5}.Release|x86.ActiveCfg = Release|Win32
		{CDB90A2E-4B6F-4955-8B9E-7D1A82D269D5}.Release|x86.Build.0 = Release|Win32
		{CA651354-32B1-47D5-AC5C-CADD2BF8D313}.Debug|x64.ActiveCfg = Debug|x64
		{CA651354-32B1-47D5-AC5C-CADD2BF8D313}.Debug|x64.Build.0 = Debug|x64
		{CA651354-32B1-47D5-AC5C-CADD2BF8D313}.Debug|x86.ActiveCfg = Debug|Win32
		{CA651354-32B1-47D5-AC5C-CADD2BF8D313}.Debug|x86.Build.0 = Debug|Win32
		{CA651354-32B1-47D5-AC5C-CADD2BF8D313}.Release|x64.ActiveCfg = Release|x64
		{CA651354-32B1-47D5-AC5C-CADD2BF8D313}.Release|x64.Build.0 = Release|x64
		{CA651354-32B1-47D5-AC5C-CADD2BF8D313}.Release|x86.ActiveCfg = Release|Win32
		{CA651354-32B1-47D5-AC5C-CADD2BF8D313}.Release|x86.Build.0 = Release|Win32
		{666D578E-6980-40D6-815E-C79D375A8691}.Debug|x64.ActiveCfg = Debug|x64
		{666D578E-6980-40D6-815E-C79D375A8691}.Debug|x64.Build.0 = Debug|x64
		{666D578E-6980-40D6-815E-C79D375A8691}.Debug|x86.ActiveCfg = Debug|Win32
		{666D578E-6980-40D6-815E-C79D375A8691}.Debug|x86.Build.0 = Debug|Win32
		{666D578E-6980-40D6-815E-C79D375A8691}.Release|x64.ActiveCfg = Release|x64
		{666D578E-6980-40D6-815E-C79D375A8691}.Release|x64.Build.0 = Release|x64
		{666D578E-6980-40D6-815E-C79D375A8691}.Release|x86.ActiveCfg = Release|Win32
		{666D578E-6980-40D6-815E-C79D375A8691}.Release|x86.Build.0 = Release|Win32
		{4C9179F9-1652-4304-9BDF-1491B5D580BD}.Debug|x64.ActiveCfg = Debug|x64
		{4C9179F9-1652-4304-9BDF-1491B5D580BD}.Debug|x64.Build.0 = Debug|x64
		{4C9179F9-1652-4304-9BDF-1491B5D580BD}.Debug|x86.ActiveCfg = Debug|Win32
		{4C9179F9-1652-4304-9BDF-1491B5D580BD}.Debug|x86.Build.0 = Debug|Win32
		{4C9179F9-1652-4304-9BDF-1491B5D580BD}.Release|x64.ActiveCfg = Release|x64
		{4C9179F9-1652-4304-9BDF-1491B5D580BD}.Release|x64.Build.0 = Release|x64
		{4C9179F9-1652-4304-9BDF-1491B5D580BD}.Release|x86.ActiveCfg = Release|Win32
		{4C9179F9-1652-4304-9BDF-1491B5D580BD}.Release|x86.Build.0 = Release|Win32
		{5D80D405-E46D-48C6-80D1-374320E8375B}.Debug|x64.ActiveCfg = Debug|x64
		{5D80D405-E46D-48C6-80D1-374320E8375B}.Debug|x64.Build.0 = Debug|x64
		{5D80D405-E46D-48C6-80D1-374320E8375B}.Debug|x86.ActiveCfg = Debug|Win32
		{5D80D405-E46D-48C6-80D1-374320E8375B}.Debug|x86.Build.0 = Debug|Win32
		{5D80D405-E46D-48C6-80D1-374320E8375B}.Release|x64.ActiveCfg = Release|x64
		{5D80D405-E46D-48C6-80D1-374320E8375B}.Release|x64.Build.0 = Release|x64
		{5D80D405-E46D-48C6-80D1-374320E8375B}.Release|x86.ActiveCfg = Release|Win32
		{5D80D405-E46D-48C6-80D1-374320E8375B}.Release|x86.Build.0 = Release|Win32
		{BF9ED218-CCE8-4E5F-96BA-20FA8D0EF681}.Debug|x64.ActiveCfg = Debug|x64
		{BF9ED218-CCE8-4E5F-96BA-20FA8D0EF681}.Debug|x64.Build.0 = Debug|x64
		{BF9ED218-CCE8-4E5F-96BA-20FA8D0EF681}.Debug|x86.ActiveCfg = Debug|Win32
		{BF9ED218-CCE8-4E5F-96BA-20FA8D0EF681}.Debug|x86.Build.0 = Debug|Win32
		{BF9ED218-CCE8-4E5F-96BA-20FA8D0EF681}.Release|x64.ActiveCfg = Release|x64
		{BF9ED218-CCE8-4E5F-96BA-20FA8D0EF681}.Release|x64.Build.0 = Release|x64
		{BF9ED218-CCE8-4E5F-96BA-20FA8D0EF681}.Release|x86.ActiveCfg = Release|Win32
		{BF9ED218-CCE8-4E5F-96BA-20FA8D0EF681}.Release|x86.Build.0 = Release|Win32
		{ED8DFF54-7421-4AC2-BE6F-C4CB2048EC92}.Debug|x64.ActiveCfg = Debug|x64
		{ED8DFF54-7421-4AC2-BE6F-C4CB2048EC92}.Debug|x64.Build.0 = Debug|x64
		{ED8DFF54-7421-4AC2-BE6F-C4CB2048EC92}.Debug|x86.ActiveCfg = Debug|Win32
		{ED8DFF54-7421-4AC2-BE6F-C4CB2048EC92}.Debug|x86.Build.0 = Debug|Win32
		{ED8DFF54-7421-4AC2-BE6F-C4CB2048EC92}.Release|x64.ActiveCfg = Release|x64
		{ED8DFF54-7421-4AC2-BE6F-C4CB2048EC92}.Release|x64.Build.0 = Release|x64
		{ED8DFF54-7421-4AC2-BE6F-C4CB2048EC92}.Release|x86.ActiveCfg = Release|Win32
		{ED8DFF54-7421-4AC2-BE6F-C4CB2048EC92}.Release|x86.Build.0 = Release|Win32
		{B8B46C8B-1730-449F-8520-49C8DC31B668}.Debug|x64.ActiveCfg = Debug|x64
		{B8B46C8B-1730-449F-8520-49C8DC31B668}.Debug|x64.Build.0 = Debug|x64
		{B8B46C8B-1730-449F-8520-49C8DC31B668}.Debug|x86.ActiveCfg = Debug|Win32
		{B8B46C8B-1730-449F-8520-49C8DC31B668}.Debug|x86.Build.0 = Debug|Win32
		{B8B46C8B-1730-449F-8520-49C8DC31B668}.Release|x64.ActiveCfg = Release|x64
		{B8B46C8B-1730-449F-8520-49C8DC31B668}.Release|x64.Build.0 = Release|x64
		{B8B46C8B-1730-449F-8520-49C8DC31B668}.Release|x86.ActiveCfg = Release|Win32
		{B8B46C8B-1730-449F-8520-49C8DC31B668}.Release|x86.Build.0 = Release|Win32
		{D36FD578-C115-41F3-B659-AF72FC906A71}.Debug|x64.ActiveCfg = Debug|x64
		{D36FD578-C115-41F3-B659-AF72FC906A71}.Debug|x64.Build.0 = Debug|x64
		{D36FD578-C115-41F3-B659-AF72FC906A71}.Debug|x86.ActiveCfg = Debug|Win32
		{D36FD578-C115-41F3-B659-AF72FC906A71}.Debug|x86.Build.0 = Debug|Win32
		{D36FD578-C115-41F3-B659-AF72FC906A71}.Release|x64.ActiveCfg = Release|x64
		{D36FD578-C115-41F3-B659-AF72FC906A71}.Release|x64.Build.0 = Release|x64
		{D36FD578-C115-41F3-B659-AF72FC906A71}.Release|x86.ActiveCfg = Release|Win32
		{D36FD578-C115-41F3-B659-AF72FC906A71}.Release|x86.Build.0 = Release|Win32
		{959E5785-4AA1-4534-9BB6-8B3B6DAE9443}.Debug|x64.ActiveCfg = Debug|x64
		{959E5785-4AA1-4534-9BB6-8B3B6DAE9443}.Debug|x64.Build.0 = Debug|x64
		{959E5785-4AA1-4534-9BB6-8B3B6DAE9443}.Debug|x86.ActiveCfg = Debug|Win32
		{959E5785-4AA1-4534-9BB6-8B3B6DAE9443}.Debug|x86.Build.0 = Debug|Win32
		{959E5785-4AA1-4534-9BB6-8B3B6DAE9443}.Release|x64.ActiveCfg = Release|x64
		{959E5785-4AA1-4534-9BB6-8B3B6DAE9443}.Release|x64.Build.0 = Release|x64
		{959E5785-4AA1-4534-9BB6-8B3B6DAE9443}.Release|x86.ActiveCfg = Release|Win32
		{959E5785-4AA1-4534-9BB6-8B3B6DAE9443}.Release|x86.Build.0 = Release|Win32
	EndGlobalSection
	GlobalSection(SolutionProperties) = preSolution
		HideSolutionNode = FALSE
	EndGlobalSection
	GlobalSection(ExtensibilityGlobals) = postSolution
		SolutionGuid = {61033B1B-C3F8-4600-A6C7-2BF9B4F22582}
	EndGlobalSection
EndGlobal
