
Microsoft Visual Studio Solution File, Format Version 12.00
# Visual Studio Version 16
VisualStudioVersion = 16.0.32126.315
MinimumVisualStudioVersion = 10.0.40219.1
Project("{8BC9CEB8-8B4A-11D0-8D11-00A0C91BC942}") = "例3.1", "例3.1\例3.1.vcxproj", "{62A0C756-C2D7-4AC1-9116-10138589DE11}"
EndProject
Project("{8BC9CEB8-8B4A-11D0-8D11-00A0C91BC942}") = "例3.2", "例3.2\例3.2.vcxproj", "{BA94D475-D8F1-4C39-847B-E35BDF7BC22E}"
EndProject
Project("{8BC9CEB8-8B4A-11D0-8D11-00A0C91BC942}") = "例3.3", "例3.3\例3.3.vcxproj", "{753413D4-937D-4BFA-9969-EE5C9C649FEC}"
EndProject
Project("{8BC9CEB8-8B4A-11D0-8D11-00A0C91BC942}") = "习3.1", "习3.1\习3.1.vcxproj", "{5AE71926-CAC2-41D2-808F-54CBCAD9930A}"
EndProject
Project("{8BC9CEB8-8B4A-11D0-8D11-00A0C91BC942}") = "习3.2", "习3.2\习3.2.vcxproj", "{83E6D085-377D-4F6C-8C3D-9310EBCE8947}"
EndProject
Project("{8BC9CEB8-8B4A-11D0-8D11-00A0C91BC942}") = "习3.3", "习3.3\习3.3.vcxproj", "{C690E14A-5A9D-4BE8-B0C4-FB5BB1E026CD}"
EndProject
Project("{8BC9CEB8-8B4A-11D0-8D11-00A0C91BC942}") = "习3.4", "习3.4\习3.4.vcxproj", "{30D11536-3095-46E3-8B95-6A3B596DCDAA}"
EndProject
Project("{8BC9CEB8-8B4A-11D0-8D11-00A0C91BC942}") = "例3.4", "例3.4\例3.4.vcxproj", "{03C213E5-DE95-4801-AE65-62EAE91B2728}"
EndProject
Project("{8BC9CEB8-8B4A-11D0-8D11-00A0C91BC942}") = "例3.5", "例3.5\例3.5.vcxproj", "{7EF4CEE2-806E-46C8-8E36-FE37F8EB9C74}"
EndProject
Project("{8BC9CEB8-8B4A-11D0-8D11-00A0C91BC942}") = "习3.5", "习3.5\习3.5.vcxproj", "{C1632437-8A78-47FD-B509-39C94C7627AF}"
EndProject
Project("{8BC9CEB8-8B4A-11D0-8D11-00A0C91BC942}") = "习3.6", "习3.6\习3.6.vcxproj", "{72CE058F-8C23-45DB-8D05-D42CD3F04543}"
EndProject
Project("{8BC9CEB8-8B4A-11D0-8D11-00A0C91BC942}") = "习3.7", "习3.7\习3.7.vcxproj", "{69DFD25A-2DC8-41D0-A053-6F0C3C0045E0}"
EndProject
Global
	GlobalSection(SolutionConfigurationPlatforms) = preSolution
		Debug|x64 = Debug|x64
		Debug|x86 = Debug|x86
		Release|x64 = Release|x64
		Release|x86 = Release|x86
	EndGlobalSection
	GlobalSection(ProjectConfigurationPlatforms) = postSolution
		{62A0C756-C2D7-4AC1-9116-10138589DE11}.Debug|x64.ActiveCfg = Debug|x64
		{62A0C756-C2D7-4AC1-9116-10138589DE11}.Debug|x64.Build.0 = Debug|x64
		{62A0C756-C2D7-4AC1-9116-10138589DE11}.Debug|x86.ActiveCfg = Debug|Win32
		{62A0C756-C2D7-4AC1-9116-10138589DE11}.Debug|x86.Build.0 = Debug|Win32
		{62A0C756-C2D7-4AC1-9116-10138589DE11}.Release|x64.ActiveCfg = Release|x64
		{62A0C756-C2D7-4AC1-9116-10138589DE11}.Release|x64.Build.0 = Release|x64
		{62A0C756-C2D7-4AC1-9116-10138589DE11}.Release|x86.ActiveCfg = Release|Win32
		{62A0C756-C2D7-4AC1-9116-10138589DE11}.Release|x86.Build.0 = Release|Win32
		{BA94D475-D8F1-4C39-847B-E35BDF7BC22E}.Debug|x64.ActiveCfg = Debug|x64
		{BA94D475-D8F1-4C39-847B-E35BDF7BC22E}.Debug|x64.Build.0 = Debug|x64
		{BA94D475-D8F1-4C39-847B-E35BDF7BC22E}.Debug|x86.ActiveCfg = Debug|Win32
		{BA94D475-D8F1-4C39-847B-E35BDF7BC22E}.Debug|x86.Build.0 = Debug|Win32
		{BA94D475-D8F1-4C39-847B-E35BDF7BC22E}.Release|x64.ActiveCfg = Release|x64
		{BA94D475-D8F1-4C39-847B-E35BDF7BC22E}.Release|x64.Build.0 = Release|x64
		{BA94D475-D8F1-4C39-847B-E35BDF7BC22E}.Release|x86.ActiveCfg = Release|Win32
		{BA94D475-D8F1-4C39-847B-E35BDF7BC22E}.Release|x86.Build.0 = Release|Win32
		{753413D4-937D-4BFA-9969-EE5C9C649FEC}.Debug|x64.ActiveCfg = Debug|x64
		{753413D4-937D-4BFA-9969-EE5C9C649FEC}.Debug|x64.Build.0 = Debug|x64
		{753413D4-937D-4BFA-9969-EE5C9C649FEC}.Debug|x86.ActiveCfg = Debug|Win32
		{753413D4-937D-4BFA-9969-EE5C9C649FEC}.Debug|x86.Build.0 = Debug|Win32
		{753413D4-937D-4BFA-9969-EE5C9C649FEC}.Release|x64.ActiveCfg = Release|x64
		{753413D4-937D-4BFA-9969-EE5C9C649FEC}.Release|x64.Build.0 = Release|x64
		{753413D4-937D-4BFA-9969-EE5C9C649FEC}.Release|x86.ActiveCfg = Release|Win32
		{753413D4-937D-4BFA-9969-EE5C9C649FEC}.Release|x86.Build.0 = Release|Win32
		{5AE71926-CAC2-41D2-808F-54CBCAD9930A}.Debug|x64.ActiveCfg = Debug|x64
		{5AE71926-CAC2-41D2-808F-54CBCAD9930A}.Debug|x64.Build.0 = Debug|x64
		{5AE71926-CAC2-41D2-808F-54CBCAD9930A}.Debug|x86.ActiveCfg = Debug|Win32
		{5AE71926-CAC2-41D2-808F-54CBCAD9930A}.Debug|x86.Build.0 = Debug|Win32
		{5AE71926-CAC2-41D2-808F-54CBCAD9930A}.Release|x64.ActiveCfg = Release|x64
		{5AE71926-CAC2-41D2-808F-54CBCAD9930A}.Release|x64.Build.0 = Release|x64
		{5AE71926-CAC2-41D2-808F-54CBCAD9930A}.Release|x86.ActiveCfg = Release|Win32
		{5AE71926-CAC2-41D2-808F-54CBCAD9930A}.Release|x86.Build.0 = Release|Win32
		{83E6D085-377D-4F6C-8C3D-9310EBCE8947}.Debug|x64.ActiveCfg = Debug|x64
		{83E6D085-377D-4F6C-8C3D-9310EBCE8947}.Debug|x64.Build.0 = Debug|x64
		{83E6D085-377D-4F6C-8C3D-9310EBCE8947}.Debug|x86.ActiveCfg = Debug|Win32
		{83E6D085-377D-4F6C-8C3D-9310EBCE8947}.Debug|x86.Build.0 = Debug|Win32
		{83E6D085-377D-4F6C-8C3D-9310EBCE8947}.Release|x64.ActiveCfg = Release|x64
		{83E6D085-377D-4F6C-8C3D-9310EBCE8947}.Release|x64.Build.0 = Release|x64
		{83E6D085-377D-4F6C-8C3D-9310EBCE8947}.Release|x86.ActiveCfg = Release|Win32
		{83E6D085-377D-4F6C-8C3D-9310EBCE8947}.Release|x86.Build.0 = Release|Win32
		{C690E14A-5A9D-4BE8-B0C4-FB5BB1E026CD}.Debug|x64.ActiveCfg = Debug|x64
		{C690E14A-5A9D-4BE8-B0C4-FB5BB1E026CD}.Debug|x64.Build.0 = Debug|x64
		{C690E14A-5A9D-4BE8-B0C4-FB5BB1E026CD}.Debug|x86.ActiveCfg = Debug|Win32
		{C690E14A-5A9D-4BE8-B0C4-FB5BB1E026CD}.Debug|x86.Build.0 = Debug|Win32
		{C690E14A-5A9D-4BE8-B0C4-FB5BB1E026CD}.Release|x64.ActiveCfg = Release|x64
		{C690E14A-5A9D-4BE8-B0C4-FB5BB1E026CD}.Release|x64.Build.0 = Release|x64
		{C690E14A-5A9D-4BE8-B0C4-FB5BB1E026CD}.Release|x86.ActiveCfg = Release|Win32
		{C690E14A-5A9D-4BE8-B0C4-FB5BB1E026CD}.Release|x86.Build.0 = Release|Win32
		{30D11536-3095-46E3-8B95-6A3B596DCDAA}.Debug|x64.ActiveCfg = Debug|x64
		{30D11536-3095-46E3-8B95-6A3B596DCDAA}.Debug|x64.Build.0 = Debug|x64
		{30D11536-3095-46E3-8B95-6A3B596DCDAA}.Debug|x86.ActiveCfg = Debug|Win32
		{30D11536-3095-46E3-8B95-6A3B596DCDAA}.Debug|x86.Build.0 = Debug|Win32
		{30D11536-3095-46E3-8B95-6A3B596DCDAA}.Release|x64.ActiveCfg = Release|x64
		{30D11536-3095-46E3-8B95-6A3B596DCDAA}.Release|x64.Build.0 = Release|x64
		{30D11536-3095-46E3-8B95-6A3B596DCDAA}.Release|x86.ActiveCfg = Release|Win32
		{30D11536-3095-46E3-8B95-6A3B596DCDAA}.Release|x86.Build.0 = Release|Win32
		{03C213E5-DE95-4801-AE65-62EAE91B2728}.Debug|x64.ActiveCfg = Debug|x64
		{03C213E5-DE95-4801-AE65-62EAE91B2728}.Debug|x64.Build.0 = Debug|x64
		{03C213E5-DE95-4801-AE65-62EAE91B2728}.Debug|x86.ActiveCfg = Debug|Win32
		{03C213E5-DE95-4801-AE65-62EAE91B2728}.Debug|x86.Build.0 = Debug|Win32
		{03C213E5-DE95-4801-AE65-62EAE91B2728}.Release|x64.ActiveCfg = Release|x64
		{03C213E5-DE95-4801-AE65-62EAE91B2728}.Release|x64.Build.0 = Release|x64
		{03C213E5-DE95-4801-AE65-62EAE91B2728}.Release|x86.ActiveCfg = Release|Win32
		{03C213E5-DE95-4801-AE65-62EAE91B2728}.Release|x86.Build.0 = Release|Win32
		{7EF4CEE2-806E-46C8-8E36-FE37F8EB9C74}.Debug|x64.ActiveCfg = Debug|x64
		{7EF4CEE2-806E-46C8-8E36-FE37F8EB9C74}.Debug|x64.Build.0 = Debug|x64
		{7EF4CEE2-806E-46C8-8E36-FE37F8EB9C74}.Debug|x86.ActiveCfg = Debug|Win32
		{7EF4CEE2-806E-46C8-8E36-FE37F8EB9C74}.Debug|x86.Build.0 = Debug|Win32
		{7EF4CEE2-806E-46C8-8E36-FE37F8EB9C74}.Release|x64.ActiveCfg = Release|x64
		{7EF4CEE2-806E-46C8-8E36-FE37F8EB9C74}.Release|x64.Build.0 = Release|x64
		{7EF4CEE2-806E-46C8-8E36-FE37F8EB9C74}.Release|x86.ActiveCfg = Release|Win32
		{7EF4CEE2-806E-46C8-8E36-FE37F8EB9C74}.Release|x86.Build.0 = Release|Win32
		{C1632437-8A78-47FD-B509-39C94C7627AF}.Debug|x64.ActiveCfg = Debug|x64
		{C1632437-8A78-47FD-B509-39C94C7627AF}.Debug|x64.Build.0 = Debug|x64
		{C1632437-8A78-47FD-B509-39C94C7627AF}.Debug|x86.ActiveCfg = Debug|Win32
		{C1632437-8A78-47FD-B509-39C94C7627AF}.Debug|x86.Build.0 = Debug|Win32
		{C1632437-8A78-47FD-B509-39C94C7627AF}.Release|x64.ActiveCfg = Release|x64
		{C1632437-8A78-47FD-B509-39C94C7627AF}.Release|x64.Build.0 = Release|x64
		{C1632437-8A78-47FD-B509-39C94C7627AF}.Release|x86.ActiveCfg = Release|Win32
		{C1632437-8A78-47FD-B509-39C94C7627AF}.Release|x86.Build.0 = Release|Win32
		{72CE058F-8C23-45DB-8D05-D42CD3F04543}.Debug|x64.ActiveCfg = Debug|x64
		{72CE058F-8C23-45DB-8D05-D42CD3F04543}.Debug|x64.Build.0 = Debug|x64
		{72CE058F-8C23-45DB-8D05-D42CD3F04543}.Debug|x86.ActiveCfg = Debug|Win32
		{72CE058F-8C23-45DB-8D05-D42CD3F04543}.Debug|x86.Build.0 = Debug|Win32
		{72CE058F-8C23-45DB-8D05-D42CD3F04543}.Release|x64.ActiveCfg = Release|x64
		{72CE058F-8C23-45DB-8D05-D42CD3F04543}.Release|x64.Build.0 = Release|x64
		{72CE058F-8C23-45DB-8D05-D42CD3F04543}.Release|x86.ActiveCfg = Release|Win32
		{72CE058F-8C23-45DB-8D05-D42CD3F04543}.Release|x86.Build.0 = Release|Win32
		{69DFD25A-2DC8-41D0-A053-6F0C3C0045E0}.Debug|x64.ActiveCfg = Debug|x64
		{69DFD25A-2DC8-41D0-A053-6F0C3C0045E0}.Debug|x64.Build.0 = Debug|x64
		{69DFD25A-2DC8-41D0-A053-6F0C3C0045E0}.Debug|x86.ActiveCfg = Debug|Win32
		{69DFD25A-2DC8-41D0-A053-6F0C3C0045E0}.Debug|x86.Build.0 = Debug|Win32
		{69DFD25A-2DC8-41D0-A053-6F0C3C0045E0}.Release|x64.ActiveCfg = Release|x64
		{69DFD25A-2DC8-41D0-A053-6F0C3C0045E0}.Release|x64.Build.0 = Release|x64
		{69DFD25A-2DC8-41D0-A053-6F0C3C0045E0}.Release|x86.ActiveCfg = Release|Win32
		{69DFD25A-2DC8-41D0-A053-6F0C3C0045E0}.Release|x86.Build.0 = Release|Win32
	EndGlobalSection
	GlobalSection(SolutionProperties) = preSolution
		HideSolutionNode = FALSE
	EndGlobalSection
	GlobalSection(ExtensibilityGlobals) = postSolution
		SolutionGuid = {4FB26262-6974-41A5-B45F-AE7121051A8F}
	EndGlobalSection
EndGlobal
