
Microsoft Visual Studio Solution File, Format Version 12.00
# Visual Studio Version 16
VisualStudioVersion = 16.0.32126.315
MinimumVisualStudioVersion = 10.0.40219.1
Project("{8BC9CEB8-8B4A-11D0-8D11-00A0C91BC942}") = "例4.1", "例4.1\例4.1.vcxproj", "{79439763-A878-40B6-B34A-BA6F0C732C78}"
EndProject
Project("{8BC9CEB8-8B4A-11D0-8D11-00A0C91BC942}") = "例4.2", "例4.2\例4.2.vcxproj", "{9B568D1B-4AD4-43B1-B1E9-F98EB1CBB30C}"
EndProject
Project("{8BC9CEB8-8B4A-11D0-8D11-00A0C91BC942}") = "例4.3", "例4.3\例4.3.vcxproj", "{128FEC8C-C116-497E-82FE-08BA366DD041}"
EndProject
Project("{8BC9CEB8-8B4A-11D0-8D11-00A0C91BC942}") = "例4.4", "例4.4\例4.4.vcxproj", "{509436A8-DD04-4136-8176-5B2E79B65F7A}"
EndProject
Project("{8BC9CEB8-8B4A-11D0-8D11-00A0C91BC942}") = "例4.5", "例4.5\例4.5.vcxproj", "{0CDA932C-1C84-4954-A804-68910A80F426}"
EndProject
Project("{8BC9CEB8-8B4A-11D0-8D11-00A0C91BC942}") = "习4.1", "习4.1\习4.1.vcxproj", "{F1AB11D0-691D-41F3-B965-5EDC41C9D2CB}"
EndProject
Project("{8BC9CEB8-8B4A-11D0-8D11-00A0C91BC942}") = "习4.2", "习4.2\习4.2.vcxproj", "{6FA3B511-55F9-4045-AF6A-2C905F1C98F4}"
EndProject
Project("{8BC9CEB8-8B4A-11D0-8D11-00A0C91BC942}") = "习4.3", "习4.3\习4.3.vcxproj", "{77EAAAE7-53F4-404B-B3EB-D33029ED4E5F}"
EndProject
Project("{8BC9CEB8-8B4A-11D0-8D11-00A0C91BC942}") = "习4.4", "习4.4\习4.4.vcxproj", "{4080AE47-9982-4D9F-AB41-5734D4DCBC4B}"
EndProject
Project("{8BC9CEB8-8B4A-11D0-8D11-00A0C91BC942}") = "习4.5", "习4.5\习4.5.vcxproj", "{33D4F7B8-2C49-4CBB-A876-599CC5E9F73A}"
EndProject
Project("{8BC9CEB8-8B4A-11D0-8D11-00A0C91BC942}") = "例4.6", "例4.6\例4.6.vcxproj", "{986CD471-665F-45F3-8462-9322A84B063E}"
EndProject
Global
	GlobalSection(SolutionConfigurationPlatforms) = preSolution
		Debug|x64 = Debug|x64
		Debug|x86 = Debug|x86
		Release|x64 = Release|x64
		Release|x86 = Release|x86
	EndGlobalSection
	GlobalSection(ProjectConfigurationPlatforms) = postSolution
		{79439763-A878-40B6-B34A-BA6F0C732C78}.Debug|x64.ActiveCfg = Debug|x64
		{79439763-A878-40B6-B34A-BA6F0C732C78}.Debug|x64.Build.0 = Debug|x64
		{79439763-A878-40B6-B34A-BA6F0C732C78}.Debug|x86.ActiveCfg = Debug|Win32
		{79439763-A878-40B6-B34A-BA6F0C732C78}.Debug|x86.Build.0 = Debug|Win32
		{79439763-A878-40B6-B34A-BA6F0C732C78}.Release|x64.ActiveCfg = Release|x64
		{79439763-A878-40B6-B34A-BA6F0C732C78}.Release|x64.Build.0 = Release|x64
		{79439763-A878-40B6-B34A-BA6F0C732C78}.Release|x86.ActiveCfg = Release|Win32
		{79439763-A878-40B6-B34A-BA6F0C732C78}.Release|x86.Build.0 = Release|Win32
		{9B568D1B-4AD4-43B1-B1E9-F98EB1CBB30C}.Debug|x64.ActiveCfg = Debug|x64
		{9B568D1B-4AD4-43B1-B1E9-F98EB1CBB30C}.Debug|x64.Build.0 = Debug|x64
		{9B568D1B-4AD4-43B1-B1E9-F98EB1CBB30C}.Debug|x86.ActiveCfg = Debug|Win32
		{9B568D1B-4AD4-43B1-B1E9-F98EB1CBB30C}.Debug|x86.Build.0 = Debug|Win32
		{9B568D1B-4AD4-43B1-B1E9-F98EB1CBB30C}.Release|x64.ActiveCfg = Release|x64
		{9B568D1B-4AD4-43B1-B1E9-F98EB1CBB30C}.Release|x64.Build.0 = Release|x64
		{9B568D1B-4AD4-43B1-B1E9-F98EB1CBB30C}.Release|x86.ActiveCfg = Release|Win32
		{9B568D1B-4AD4-43B1-B1E9-F98EB1CBB30C}.Release|x86.Build.0 = Release|Win32
		{128FEC8C-C116-497E-82FE-08BA366DD041}.Debug|x64.ActiveCfg = Debug|x64
		{128FEC8C-C116-497E-82FE-08BA366DD041}.Debug|x64.Build.0 = Debug|x64
		{128FEC8C-C116-497E-82FE-08BA366DD041}.Debug|x86.ActiveCfg = Debug|Win32
		{128FEC8C-C116-497E-82FE-08BA366DD041}.Debug|x86.Build.0 = Debug|Win32
		{128FEC8C-C116-497E-82FE-08BA366DD041}.Release|x64.ActiveCfg = Release|x64
		{128FEC8C-C116-497E-82FE-08BA366DD041}.Release|x64.Build.0 = Release|x64
		{128FEC8C-C116-497E-82FE-08BA366DD041}.Release|x86.ActiveCfg = Release|Win32
		{128FEC8C-C116-497E-82FE-08BA366DD041}.Release|x86.Build.0 = Release|Win32
		{509436A8-DD04-4136-8176-5B2E79B65F7A}.Debug|x64.ActiveCfg = Debug|x64
		{509436A8-DD04-4136-8176-5B2E79B65F7A}.Debug|x64.Build.0 = Debug|x64
		{509436A8-DD04-4136-8176-5B2E79B65F7A}.Debug|x86.ActiveCfg = Debug|Win32
		{509436A8-DD04-4136-8176-5B2E79B65F7A}.Debug|x86.Build.0 = Debug|Win32
		{509436A8-DD04-4136-8176-5B2E79B65F7A}.Release|x64.ActiveCfg = Release|x64
		{509436A8-DD04-4136-8176-5B2E79B65F7A}.Release|x64.Build.0 = Release|x64
		{509436A8-DD04-4136-8176-5B2E79B65F7A}.Release|x86.ActiveCfg = Release|Win32
		{509436A8-DD04-4136-8176-5B2E79B65F7A}.Release|x86.Build.0 = Release|Win32
		{0CDA932C-1C84-4954-A804-68910A80F426}.Debug|x64.ActiveCfg = Debug|x64
		{0CDA932C-1C84-4954-A804-68910A80F426}.Debug|x64.Build.0 = Debug|x64
		{0CDA932C-1C84-4954-A804-68910A80F426}.Debug|x86.ActiveCfg = Debug|Win32
		{0CDA932C-1C84-4954-A804-68910A80F426}.Debug|x86.Build.0 = Debug|Win32
		{0CDA932C-1C84-4954-A804-68910A80F426}.Release|x64.ActiveCfg = Release|x64
		{0CDA932C-1C84-4954-A804-68910A80F426}.Release|x64.Build.0 = Release|x64
		{0CDA932C-1C84-4954-A804-68910A80F426}.Release|x86.ActiveCfg = Release|Win32
		{0CDA932C-1C84-4954-A804-68910A80F426}.Release|x86.Build.0 = Release|Win32
		{F1AB11D0-691D-41F3-B965-5EDC41C9D2CB}.Debug|x64.ActiveCfg = Debug|x64
		{F1AB11D0-691D-41F3-B965-5EDC41C9D2CB}.Debug|x64.Build.0 = Debug|x64
		{F1AB11D0-691D-41F3-B965-5EDC41C9D2CB}.Debug|x86.ActiveCfg = Debug|Win32
		{F1AB11D0-691D-41F3-B965-5EDC41C9D2CB}.Debug|x86.Build.0 = Debug|Win32
		{F1AB11D0-691D-41F3-B965-5EDC41C9D2CB}.Release|x64.ActiveCfg = Release|x64
		{F1AB11D0-691D-41F3-B965-5EDC41C9D2CB}.Release|x64.Build.0 = Release|x64
		{F1AB11D0-691D-41F3-B965-5EDC41C9D2CB}.Release|x86.ActiveCfg = Release|Win32
		{F1AB11D0-691D-41F3-B965-5EDC41C9D2CB}.Release|x86.Build.0 = Release|Win32
		{6FA3B511-55F9-4045-AF6A-2C905F1C98F4}.Debug|x64.ActiveCfg = Debug|x64
		{6FA3B511-55F9-4045-AF6A-2C905F1C98F4}.Debug|x64.Build.0 = Debug|x64
		{6FA3B511-55F9-4045-AF6A-2C905F1C98F4}.Debug|x86.ActiveCfg = Debug|Win32
		{6FA3B511-55F9-4045-AF6A-2C905F1C98F4}.Debug|x86.Build.0 = Debug|Win32
		{6FA3B511-55F9-4045-AF6A-2C905F1C98F4}.Release|x64.ActiveCfg = Release|x64
		{6FA3B511-55F9-4045-AF6A-2C905F1C98F4}.Release|x64.Build.0 = Release|x64
		{6FA3B511-55F9-4045-AF6A-2C905F1C98F4}.Release|x86.ActiveCfg = Release|Win32
		{6FA3B511-55F9-4045-AF6A-2C905F1C98F4}.Release|x86.Build.0 = Release|Win32
		{77EAAAE7-53F4-404B-B3EB-D33029ED4E5F}.Debug|x64.ActiveCfg = Debug|x64
		{77EAAAE7-53F4-404B-B3EB-D33029ED4E5F}.Debug|x64.Build.0 = Debug|x64
		{77EAAAE7-53F4-404B-B3EB-D33029ED4E5F}.Debug|x86.ActiveCfg = Debug|Win32
		{77EAAAE7-53F4-404B-B3EB-D33029ED4E5F}.Debug|x86.Build.0 = Debug|Win32
		{77EAAAE7-53F4-404B-B3EB-D33029ED4E5F}.Release|x64.ActiveCfg = Release|x64
		{77EAAAE7-53F4-404B-B3EB-D33029ED4E5F}.Release|x64.Build.0 = Release|x64
		{77EAAAE7-53F4-404B-B3EB-D33029ED4E5F}.Release|x86.ActiveCfg = Release|Win32
		{77EAAAE7-53F4-404B-B3EB-D33029ED4E5F}.Release|x86.Build.0 = Release|Win32
		{4080AE47-9982-4D9F-AB41-5734D4DCBC4B}.Debug|x64.ActiveCfg = Debug|x64
		{4080AE47-9982-4D9F-AB41-5734D4DCBC4B}.Debug|x64.Build.0 = Debug|x64
		{4080AE47-9982-4D9F-AB41-5734D4DCBC4B}.Debug|x86.ActiveCfg = Debug|Win32
		{4080AE47-9982-4D9F-AB41-5734D4DCBC4B}.Debug|x86.Build.0 = Debug|Win32
		{4080AE47-9982-4D9F-AB41-5734D4DCBC4B}.Release|x64.ActiveCfg = Release|x64
		{4080AE47-9982-4D9F-AB41-5734D4DCBC4B}.Release|x64.Build.0 = Release|x64
		{4080AE47-9982-4D9F-AB41-5734D4DCBC4B}.Release|x86.ActiveCfg = Release|Win32
		{4080AE47-9982-4D9F-AB41-5734D4DCBC4B}.Release|x86.Build.0 = Release|Win32
		{33D4F7B8-2C49-4CBB-A876-599CC5E9F73A}.Debug|x64.ActiveCfg = Debug|x64
		{33D4F7B8-2C49-4CBB-A876-599CC5E9F73A}.Debug|x64.Build.0 = Debug|x64
		{33D4F7B8-2C49-4CBB-A876-599CC5E9F73A}.Debug|x86.ActiveCfg = Debug|Win32
		{33D4F7B8-2C49-4CBB-A876-599CC5E9F73A}.Debug|x86.Build.0 = Debug|Win32
		{33D4F7B8-2C49-4CBB-A876-599CC5E9F73A}.Release|x64.ActiveCfg = Release|x64
		{33D4F7B8-2C49-4CBB-A876-599CC5E9F73A}.Release|x64.Build.0 = Release|x64
		{33D4F7B8-2C49-4CBB-A876-599CC5E9F73A}.Release|x86.ActiveCfg = Release|Win32
		{33D4F7B8-2C49-4CBB-A876-599CC5E9F73A}.Release|x86.Build.0 = Release|Win32
		{986CD471-665F-45F3-8462-9322A84B063E}.Debug|x64.ActiveCfg = Debug|x64
		{986CD471-665F-45F3-8462-9322A84B063E}.Debug|x64.Build.0 = Debug|x64
		{986CD471-665F-45F3-8462-9322A84B063E}.Debug|x86.ActiveCfg = Debug|Win32
		{986CD471-665F-45F3-8462-9322A84B063E}.Debug|x86.Build.0 = Debug|Win32
		{986CD471-665F-45F3-8462-9322A84B063E}.Release|x64.ActiveCfg = Release|x64
		{986CD471-665F-45F3-8462-9322A84B063E}.Release|x64.Build.0 = Release|x64
		{986CD471-665F-45F3-8462-9322A84B063E}.Release|x86.ActiveCfg = Release|Win32
		{986CD471-665F-45F3-8462-9322A84B063E}.Release|x86.Build.0 = Release|Win32
	EndGlobalSection
	GlobalSection(SolutionProperties) = preSolution
		HideSolutionNode = FALSE
	EndGlobalSection
	GlobalSection(ExtensibilityGlobals) = postSolution
		SolutionGuid = {42D58932-646E-4D73-8B04-0D80DCD94677}
	EndGlobalSection
EndGlobal
